
Microsoft Visual Studio Solution File, Format Version 12.00
# Visual Studio Version 17
VisualStudioVersion = 17.4.33213.308
MinimumVisualStudioVersion = 10.0.40219.1
Project("{FAE04EC0-301F-11D3-BF4B-00C04F79EFBC}") = "TestWork1", "TestWork1.csproj", "{824EEE8F-0797-4413-831F-D1E887DE1837}"
EndProject
Global
	GlobalSection(SolutionConfigurationPlatforms) = preSolution
		Debug|Any CPU = Debug|Any CPU
		Release|Any CPU = Release|Any CPU
	EndGlobalSection
	GlobalSection(ProjectConfigurationPlatforms) = postSolution
		{824EEE8F-0797-4413-831F-D1E887DE1837}.Debug|Any CPU.ActiveCfg = Debug|Any CPU
		{824EEE8F-0797-4413-831F-D1E887DE1837}.Debug|Any CPU.Build.0 = Debug|Any CPU
		{824EEE8F-0797-4413-831F-D1E887DE1837}.Release|Any CPU.ActiveCfg = Release|Any CPU
		{824EEE8F-0797-4413-831F-D1E887DE1837}.Release|Any CPU.Build.0 = Release|Any CPU
	EndGlobalSection
	GlobalSection(SolutionProperties) = preSolution
		HideSolutionNode = FALSE
	EndGlobalSection
	GlobalSection(ExtensibilityGlobals) = postSolution
		SolutionGuid = {55D6A823-E33E-4CEE-A954-A4AF70850D3B}
	EndGlobalSection
EndGlobal
